
Microsoft Visual Studio Solution File, Format Version 12.00
# Visual Studio Version 16
VisualStudioVersion = 16.0.31112.23
MinimumVisualStudioVersion = 10.0.40219.1
Project("{FAE04EC0-301F-11D3-BF4B-00C04F79EFBC}") = "DrawPicture3", "DrawPicture3\DrawPicture3.csproj", "{B93EDFD6-3913-4140-85FC-2E9B400E53A1}"
EndProject
Global
	GlobalSection(SolutionConfigurationPlatforms) = preSolution
		Debug|Any CPU = Debug|Any CPU
		Release|Any CPU = Release|Any CPU
	EndGlobalSection
	GlobalSection(ProjectConfigurationPlatforms) = postSolution
		{B93EDFD6-3913-4140-85FC-2E9B400E53A1}.Debug|Any CPU.ActiveCfg = Debug|Any CPU
		{B93EDFD6-3913-4140-85FC-2E9B400E53A1}.Debug|Any CPU.Build.0 = Debug|Any CPU
		{B93EDFD6-3913-4140-85FC-2E9B400E53A1}.Release|Any CPU.ActiveCfg = Release|Any CPU
		{B93EDFD6-3913-4140-85FC-2E9B400E53A1}.Release|Any CPU.Build.0 = Release|Any CPU
	EndGlobalSection
	GlobalSection(SolutionProperties) = preSolution
		HideSolutionNode = FALSE
	EndGlobalSection
	GlobalSection(ExtensibilityGlobals) = postSolution
		SolutionGuid = {6FDB2D1E-DCBB-4DFD-8F8B-A079B614BE15}
	EndGlobalSection
EndGlobal
